// !$*UTF8*$!
{
	archiveVersion = 1;
	classes = {
	};
	objectVersion = 46;
	objects = {

/* Begin PBXBuildFile section */
		0C99A99F1CC5981700F30693 /* AppDelegate.swift in Sources */ = {isa = PBXBuildFile; fileRef = 0C99A99E1CC5981700F30693 /* AppDelegate.swift */; };
		0C99A9A11CC5981700F30693 /* ViewController.swift in Sources */ = {isa = PBXBuildFile; fileRef = 0C99A9A01CC5981700F30693 /* ViewController.swift */; };
		0C99A9A41CC5981700F30693 /* Main.storyboard in Resources */ = {isa = PBXBuildFile; fileRef = 0C99A9A21CC5981700F30693 /* Main.storyboard */; };
		0C99A9A61CC5981700F30693 /* Assets.xcassets in Resources */ = {isa = PBXBuildFile; fileRef = 0C99A9A51CC5981700F30693 /* Assets.xcassets */; };
		0C99A9A91CC5981700F30693 /* LaunchScreen.storyboard in Resources */ = {isa = PBXBuildFile; fileRef = 0C99A9A71CC5981700F30693 /* LaunchScreen.storyboard */; };
		0C99A9B41CC5981700F30693 /* IdkTests.swift in Sources */ = {isa = PBXBuildFile; fileRef = 0C99A9B31CC5981700F30693 /* IdkTests.swift */; };
		0C99A9BF1CC5981700F30693 /* IdkUITests.swift in Sources */ = {isa = PBXBuildFile; fileRef = 0C99A9BE1CC5981700F30693 /* IdkUITests.swift */; };
		0C99A9CD1CC6D4B600F30693 /* SecondViewController.swift in Sources */ = {isa = PBXBuildFile; fileRef = 0C99A9CC1CC6D4B600F30693 /* SecondViewController.swift */; };
/* End PBXBuildFile section */

/* Begin PBXContainerItemProxy section */
		0C99A9B01CC5981700F30693 /* PBXContainerItemProxy */ = {
			isa = PBXContainerItemProxy;
			containerPortal = 0C99A9931CC5981700F30693 /* Project object */;
			proxyType = 1;
			remoteGlobalIDString = 0C99A99A1CC5981700F30693;
			remoteInfo = Idk;
		};
		0C99A9BB1CC5981700F30693 /* PBXContainerItemProxy */ = {
			isa = PBXContainerItemProxy;
			containerPortal = 0C99A9931CC5981700F30693 /* Project object */;
			proxyType = 1;
			remoteGlobalIDString = 0C99A99A1CC5981700F30693;
			remoteInfo = Idk;
		};
/* End PBXContainerItemProxy section */

/* Begin PBXFileReference section */
		0C99A99B1CC5981700F30693 /* VivaLnk HealthCheck.app */ = {isa = PBXFileReference; explicitFileType = wrapper.application; includeInIndex = 0; path = "VivaLnk HealthCheck.app"; sourceTree = BUILT_PRODUCTS_DIR; };
		0C99A99E1CC5981700F30693 /* AppDelegate.swift */ = {isa = PBXFileReference; lastKnownFileType = sourcecode.swift; path = AppDelegate.swift; sourceTree = "<group>"; };
		0C99A9A01CC5981700F30693 /* ViewController.swift */ = {isa = PBXFileReference; lastKnownFileType = sourcecode.swift; path = ViewController.swift; sourceTree = "<group>"; };
		0C99A9A31CC5981700F30693 /* Base */ = {isa = PBXFileReference; lastKnownFileType = file.storyboard; name = Base; path = Base.lproj/Main.storyboard; sourceTree = "<group>"; };
		0C99A9A51CC5981700F30693 /* Assets.xcassets */ = {isa = PBXFileReference; lastKnownFileType = folder.assetcatalog; path = Assets.xcassets; sourceTree = "<group>"; };
		0C99A9A81CC5981700F30693 /* Base */ = {isa = PBXFileReference; lastKnownFileType = file.storyboard; name = Base; path = Base.lproj/LaunchScreen.storyboard; sourceTree = "<group>"; };
		0C99A9AA1CC5981700F30693 /* Info.plist */ = {isa = PBXFileReference; lastKnownFileType = text.plist.xml; path = Info.plist; sourceTree = "<group>"; };
		0C99A9AF1CC5981700F30693 /* VivaLnk HealthCheck.xctest */ = {isa = PBXFileReference; explicitFileType = wrapper.cfbundle; includeInIndex = 0; path = "VivaLnk HealthCheck.xctest"; sourceTree = BUILT_PRODUCTS_DIR; };
		0C99A9B31CC5981700F30693 /* IdkTests.swift */ = {isa = PBXFileReference; lastKnownFileType = sourcecode.swift; path = IdkTests.swift; sourceTree = "<group>"; };
		0C99A9B51CC5981700F30693 /* Info.plist */ = {isa = PBXFileReference; lastKnownFileType = text.plist.xml; path = Info.plist; sourceTree = "<group>"; };
		0C99A9BA1CC5981700F30693 /* VivaLnk HealthCheck.xctest */ = {isa = PBXFileReference; explicitFileType = wrapper.cfbundle; includeInIndex = 0; path = "VivaLnk HealthCheck.xctest"; sourceTree = BUILT_PRODUCTS_DIR; };
		0C99A9BE1CC5981700F30693 /* IdkUITests.swift */ = {isa = PBXFileReference; lastKnownFileType = sourcecode.swift; path = IdkUITests.swift; sourceTree = "<group>"; };
		0C99A9C01CC5981700F30693 /* Info.plist */ = {isa = PBXFileReference; lastKnownFileType = text.plist.xml; path = Info.plist; sourceTree = "<group>"; };
		0C99A9CC1CC6D4B600F30693 /* SecondViewController.swift */ = {isa = PBXFileReference; fileEncoding = 4; lastKnownFileType = sourcecode.swift; path = SecondViewController.swift; sourceTree = "<group>"; };
/* End PBXFileReference section */

/* Begin PBXFrameworksBuildPhase section */
		0C99A9981CC5981700F30693 /* Frameworks */ = {
			isa = PBXFrameworksBuildPhase;
			buildActionMask = 2147483647;
			files = (
			);
			runOnlyForDeploymentPostprocessing = 0;
		};
		0C99A9AC1CC5981700F30693 /* Frameworks */ = {
			isa = PBXFrameworksBuildPhase;
			buildActionMask = 2147483647;
			files = (
			);
			runOnlyForDeploymentPostprocessing = 0;
		};
		0C99A9B71CC5981700F30693 /* Frameworks */ = {
			isa = PBXFrameworksBuildPhase;
			buildActionMask = 2147483647;
			files = (
			);
			runOnlyForDeploymentPostprocessing = 0;
		};
/* End PBXFrameworksBuildPhase section */

/* Begin PBXGroup section */
		0C99A9921CC5981700F30693 = {
			isa = PBXGroup;
			children = (
				0C99A99D1CC5981700F30693 /* VivaLnk HealthCheck */,
				0C99A9B21CC5981700F30693 /* IdkTests */,
				0C99A9BD1CC5981700F30693 /* IdkUITests */,
				0C99A99C1CC5981700F30693 /* Products */,
			);
			sourceTree = "<group>";
		};
		0C99A99C1CC5981700F30693 /* Products */ = {
			isa = PBXGroup;
			children = (
				0C99A99B1CC5981700F30693 /* VivaLnk HealthCheck.app */,
				0C99A9AF1CC5981700F30693 /* VivaLnk HealthCheck.xctest */,
				0C99A9BA1CC5981700F30693 /* VivaLnk HealthCheck.xctest */,
			);
			name = Products;
			sourceTree = "<group>";
		};
		0C99A99D1CC5981700F30693 /* VivaLnk HealthCheck */ = {
			isa = PBXGroup;
			children = (
				0C99A99E1CC5981700F30693 /* AppDelegate.swift */,
				0C99A9A01CC5981700F30693 /* ViewController.swift */,
				0C99A9A21CC5981700F30693 /* Main.storyboard */,
				0C99A9CC1CC6D4B600F30693 /* SecondViewController.swift */,
				0C99A9A51CC5981700F30693 /* Assets.xcassets */,
				0C99A9A71CC5981700F30693 /* LaunchScreen.storyboard */,
				0C99A9AA1CC5981700F30693 /* Info.plist */,
			);
			name = "VivaLnk HealthCheck";
			path = Idk;
			sourceTree = "<group>";
		};
		0C99A9B21CC5981700F30693 /* IdkTests */ = {
			isa = PBXGroup;
			children = (
				0C99A9B31CC5981700F30693 /* IdkTests.swift */,
				0C99A9B51CC5981700F30693 /* Info.plist */,
			);
			path = IdkTests;
			sourceTree = "<group>";
		};
		0C99A9BD1CC5981700F30693 /* IdkUITests */ = {
			isa = PBXGroup;
			children = (
				0C99A9BE1CC5981700F30693 /* IdkUITests.swift */,
				0C99A9C01CC5981700F30693 /* Info.plist */,
			);
			path = IdkUITests;
			sourceTree = "<group>";
		};
/* End PBXGroup section */

/* Begin PBXNativeTarget section */
		0C99A99A1CC5981700F30693 /* VivaLnk HealthCheck */ = {
			isa = PBXNativeTarget;
			buildConfigurationList = 0C99A9C31CC5981700F30693 /* Build configuration list for PBXNativeTarget "VivaLnk HealthCheck" */;
			buildPhases = (
				0C99A9971CC5981700F30693 /* Sources */,
				0C99A9981CC5981700F30693 /* Frameworks */,
				0C99A9991CC5981700F30693 /* Resources */,
			);
			buildRules = (
			);
			dependencies = (
			);
			name = "VivaLnk HealthCheck";
			productName = Idk;
			productReference = 0C99A99B1CC5981700F30693 /* VivaLnk HealthCheck.app */;
			productType = "com.apple.product-type.application";
		};
		0C99A9AE1CC5981700F30693 /* VivaLnk HealthCheckTests */ = {
			isa = PBXNativeTarget;
			buildConfigurationList = 0C99A9C61CC5981700F30693 /* Build configuration list for PBXNativeTarget "VivaLnk HealthCheckTests" */;
			buildPhases = (
				0C99A9AB1CC5981700F30693 /* Sources */,
				0C99A9AC1CC5981700F30693 /* Frameworks */,
				0C99A9AD1CC5981700F30693 /* Resources */,
			);
			buildRules = (
			);
			dependencies = (
				0C99A9B11CC5981700F30693 /* PBXTargetDependency */,
			);
			name = "VivaLnk HealthCheckTests";
			productName = IdkTests;
			productReference = 0C99A9AF1CC5981700F30693 /* VivaLnk HealthCheck.xctest */;
			productType = "com.apple.product-type.bundle.unit-test";
		};
		0C99A9B91CC5981700F30693 /* VivaLnk HealthCheckUITests */ = {
			isa = PBXNativeTarget;
			buildConfigurationList = 0C99A9C91CC5981700F30693 /* Build configuration list for PBXNativeTarget "VivaLnk HealthCheckUITests" */;
			buildPhases = (
				0C99A9B61CC5981700F30693 /* Sources */,
				0C99A9B71CC5981700F30693 /* Frameworks */,
				0C99A9B81CC5981700F30693 /* Resources */,
			);
			buildRules = (
			);
			dependencies = (
				0C99A9BC1CC5981700F30693 /* PBXTargetDependency */,
			);
			name = "VivaLnk HealthCheckUITests";
			productName = IdkUITests;
			productReference = 0C99A9BA1CC5981700F30693 /* VivaLnk HealthCheck.xctest */;
			productType = "com.apple.product-type.bundle.ui-testing";
		};
/* End PBXNativeTarget section */

/* Begin PBXProject section */
		0C99A9931CC5981700F30693 /* Project object */ = {
			isa = PBXProject;
			attributes = {
				LastSwiftUpdateCheck = 0730;
				LastUpgradeCheck = 0730;
				ORGANIZATIONNAME = "Kunal Palwankar";
				TargetAttributes = {
					0C99A99A1CC5981700F30693 = {
						CreatedOnToolsVersion = 7.3;
						DevelopmentTeam = 6WE8E54Y2N;
					};
					0C99A9AE1CC5981700F30693 = {
						CreatedOnToolsVersion = 7.3;
						DevelopmentTeam = 6WE8E54Y2N;
						TestTargetID = 0C99A99A1CC5981700F30693;
					};
					0C99A9B91CC5981700F30693 = {
						CreatedOnToolsVersion = 7.3;
						DevelopmentTeam = 6WE8E54Y2N;
						TestTargetID = 0C99A99A1CC5981700F30693;
					};
				};
			};
			buildConfigurationList = 0C99A9961CC5981700F30693 /* Build configuration list for PBXProject "VivaLnk HealthCheck" */;
			compatibilityVersion = "Xcode 3.2";
			developmentRegion = English;
			hasScannedForEncodings = 0;
			knownRegions = (
				en,
				Base,
			);
			mainGroup = 0C99A9921CC5981700F30693;
			productRefGroup = 0C99A99C1CC5981700F30693 /* Products */;
			projectDirPath = "";
			projectRoot = "";
			targets = (
				0C99A99A1CC5981700F30693 /* VivaLnk HealthCheck */,
				0C99A9AE1CC5981700F30693 /* VivaLnk HealthCheckTests */,
				0C99A9B91CC5981700F30693 /* VivaLnk HealthCheckUITests */,
			);
		};
/* End PBXProject section */

/* Begin PBXResourcesBuildPhase section */
		0C99A9991CC5981700F30693 /* Resources */ = {
			isa = PBXResourcesBuildPhase;
			buildActionMask = 2147483647;
			files = (
				0C99A9A91CC5981700F30693 /* LaunchScreen.storyboard in Resources */,
				0C99A9A61CC5981700F30693 /* Assets.xcassets in Resources */,
				0C99A9A41CC5981700F30693 /* Main.storyboard in Resources */,
			);
			runOnlyForDeploymentPostprocessing = 0;
		};
		0C99A9AD1CC5981700F30693 /* Resources */ = {
			isa = PBXResourcesBuildPhase;
			buildActionMask = 2147483647;
			files = (
			);
			runOnlyForDeploymentPostprocessing = 0;
		};
		0C99A9B81CC5981700F30693 /* Resources */ = {
			isa = PBXResourcesBuildPhase;
			buildActionMask = 2147483647;
			files = (
			);
			runOnlyForDeploymentPostprocessing = 0;
		};
/* End PBXResourcesBuildPhase section */

/* Begin PBXSourcesBuildPhase section */
		0C99A9971CC5981700F30693 /* Sources */ = {
			isa = PBXSourcesBuildPhase;
			buildActionMask = 2147483647;
			files = (
				0C99A9CD1CC6D4B600F30693 /* SecondViewController.swift in Sources */,
				0C99A9A11CC5981700F30693 /* ViewController.swift in Sources */,
				0C99A99F1CC5981700F30693 /* AppDelegate.swift in Sources */,
			);
			runOnlyForDeploymentPostprocessing = 0;
		};
		0C99A9AB1CC5981700F30693 /* Sources */ = {
			isa = PBXSourcesBuildPhase;
			buildActionMask = 2147483647;
			files = (
				0C99A9B41CC5981700F30693 /* IdkTests.swift in Sources */,
			);
			runOnlyForDeploymentPostprocessing = 0;
		};
		0C99A9B61CC5981700F30693 /* Sources */ = {
			isa = PBXSourcesBuildPhase;
			buildActionMask = 2147483647;
			files = (
				0C99A9BF1CC5981700F30693 /* IdkUITests.swift in Sources */,
			);
			runOnlyForDeploymentPostprocessing = 0;
		};
/* End PBXSourcesBuildPhase section */

/* Begin PBXTargetDependency section */
		0C99A9B11CC5981700F30693 /* PBXTargetDependency */ = {
			isa = PBXTargetDependency;
			target = 0C99A99A1CC5981700F30693 /* VivaLnk HealthCheck */;
			targetProxy = 0C99A9B01CC5981700F30693 /* PBXContainerItemProxy */;
		};
		0C99A9BC1CC5981700F30693 /* PBXTargetDependency */ = {
			isa = PBXTargetDependency;
			target = 0C99A99A1CC5981700F30693 /* VivaLnk HealthCheck */;
			targetProxy = 0C99A9BB1CC5981700F30693 /* PBXContainerItemProxy */;
		};
/* End PBXTargetDependency section */

/* Begin PBXVariantGroup section */
		0C99A9A21CC5981700F30693 /* Main.storyboard */ = {
			isa = PBXVariantGroup;
			children = (
				0C99A9A31CC5981700F30693 /* Base */,
			);
			name = Main.storyboard;
			sourceTree = "<group>";
		};
		0C99A9A71CC5981700F30693 /* LaunchScreen.storyboard */ = {
			isa = PBXVariantGroup;
			children = (
				0C99A9A81CC5981700F30693 /* Base */,
			);
			name = LaunchScreen.storyboard;
			sourceTree = "<group>";
		};
/* End PBXVariantGroup section */

/* Begin XCBuildConfiguration section */
		0C99A9C11CC5981700F30693 /* Debug */ = {
			isa = XCBuildConfiguration;
			buildSettings = {
				ALWAYS_SEARCH_USER_PATHS = NO;
				CLANG_ANALYZER_NONNULL = YES;
				CLANG_CXX_LANGUAGE_STANDARD = "gnu++0x";
				CLANG_CXX_LIBRARY = "libc++";
				CLANG_ENABLE_MODULES = YES;
				CLANG_ENABLE_OBJC_ARC = YES;
				CLANG_WARN_BOOL_CONVERSION = YES;
				CLANG_WARN_CONSTANT_CONVERSION = YES;
				CLANG_WARN_DIRECT_OBJC_ISA_USAGE = YES_ERROR;
				CLANG_WARN_EMPTY_BODY = YES;
				CLANG_WARN_ENUM_CONVERSION = YES;
				CLANG_WARN_INT_CONVERSION = YES;
				CLANG_WARN_OBJC_ROOT_CLASS = YES_ERROR;
				CLANG_WARN_UNREACHABLE_CODE = YES;
				CLANG_WARN__DUPLICATE_METHOD_MATCH = YES;
				"CODE_SIGN_IDENTITY[sdk=iphoneos*]" = "iPhone Developer";
				COPY_PHASE_STRIP = NO;
				DEBUG_INFORMATION_FORMAT = dwarf;
				ENABLE_STRICT_OBJC_MSGSEND = YES;
				ENABLE_TESTABILITY = YES;
				GCC_C_LANGUAGE_STANDARD = gnu99;
				GCC_DYNAMIC_NO_PIC = NO;
				GCC_NO_COMMON_BLOCKS = YES;
				GCC_OPTIMIZATION_LEVEL = 0;
				GCC_PREPROCESSOR_DEFINITIONS = (
					"DEBUG=1",
					"$(inherited)",
				);
				GCC_WARN_64_TO_32_BIT_CONVERSION = YES;
				GCC_WARN_ABOUT_RETURN_TYPE = YES_ERROR;
				GCC_WARN_UNDECLARED_SELECTOR = YES;
				GCC_WARN_UNINITIALIZED_AUTOS = YES_AGGRESSIVE;
				GCC_WARN_UNUSED_FUNCTION = YES;
				GCC_WARN_UNUSED_VARIABLE = YES;
				IPHONEOS_DEPLOYMENT_TARGET = 9.3;
				MTL_ENABLE_DEBUG_INFO = YES;
				ONLY_ACTIVE_ARCH = YES;
				SDKROOT = iphoneos;
				SWIFT_OPTIMIZATION_LEVEL = "-Onone";
				TARGETED_DEVICE_FAMILY = "1,2";
			};
			name = Debug;
		};
		0C99A9C21CC5981700F30693 /* Release */ = {
			isa = XCBuildConfiguration;
			buildSettings = {
				ALWAYS_SEARCH_USER_PATHS = NO;
				CLANG_ANALYZER_NONNULL = YES;
				CLANG_CXX_LANGUAGE_STANDARD = "gnu++0x";
				CLANG_CXX_LIBRARY = "libc++";
				CLANG_ENABLE_MODULES = YES;
				CLANG_ENABLE_OBJC_ARC = YES;
				CLANG_WARN_BOOL_CONVERSION = YES;
				CLANG_WARN_CONSTANT_CONVERSION = YES;
				CLANG_WARN_DIRECT_OBJC_ISA_USAGE = YES_ERROR;
				CLANG_WARN_EMPTY_BODY = YES;
				CLANG_WARN_ENUM_CONVERSION = YES;
				CLANG_WARN_INT_CONVERSION = YES;
				CLANG_WARN_OBJC_ROOT_CLASS = YES_ERROR;
				CLANG_WARN_UNREACHABLE_CODE = YES;
				CLANG_WARN__DUPLICATE_METHOD_MATCH = YES;
				"CODE_SIGN_IDENTITY[sdk=iphoneos*]" = "iPhone Developer";
				COPY_PHASE_STRIP = NO;
				DEBUG_INFORMATION_FORMAT = "dwarf-with-dsym";
				ENABLE_NS_ASSERTIONS = NO;
				ENABLE_STRICT_OBJC_MSGSEND = YES;
				GCC_C_LANGUAGE_STANDARD = gnu99;
				GCC_NO_COMMON_BLOCKS = YES;
				GCC_WARN_64_TO_32_BIT_CONVERSION = YES;
				GCC_WARN_ABOUT_RETURN_TYPE = YES_ERROR;
				GCC_WARN_UNDECLARED_SELECTOR = YES;
				GCC_WARN_UNINITIALIZED_AUTOS = YES_AGGRESSIVE;
				GCC_WARN_UNUSED_FUNCTION = YES;
				GCC_WARN_UNUSED_VARIABLE = YES;
				IPHONEOS_DEPLOYMENT_TARGET = 9.3;
				MTL_ENABLE_DEBUG_INFO = NO;
				SDKROOT = iphoneos;
				TARGETED_DEVICE_FAMILY = "1,2";
				VALIDATE_PRODUCT = YES;
			};
			name = Release;
		};
		0C99A9C41CC5981700F30693 /* Debug */ = {
			isa = XCBuildConfiguration;
			buildSettings = {
				ASSETCATALOG_COMPILER_APPICON_NAME = AppIcon;
				INFOPLIST_FILE = Idk/Info.plist;
				LD_RUNPATH_SEARCH_PATHS = "$(inherited) @executable_path/Frameworks";
				PRODUCT_BUNDLE_IDENTIFIER = com.kpally.Idk;
				PRODUCT_NAME = "VivaLnk HealthCheck";
			};
			name = Debug;
		};
		0C99A9C51CC5981700F30693 /* Release */ = {
			isa = XCBuildConfiguration;
			buildSettings = {
				ASSETCATALOG_COMPILER_APPICON_NAME = AppIcon;
				INFOPLIST_FILE = Idk/Info.plist;
				LD_RUNPATH_SEARCH_PATHS = "$(inherited) @executable_path/Frameworks";
				PRODUCT_BUNDLE_IDENTIFIER = com.kpally.Idk;
				PRODUCT_NAME = "VivaLnk HealthCheck";
			};
			name = Release;
		};
		0C99A9C71CC5981700F30693 /* Debug */ = {
			isa = XCBuildConfiguration;
			buildSettings = {
				BUNDLE_LOADER = "$(TEST_HOST)";
				INFOPLIST_FILE = IdkTests/Info.plist;
				LD_RUNPATH_SEARCH_PATHS = "$(inherited) @executable_path/Frameworks @loader_path/Frameworks";
				PRODUCT_BUNDLE_IDENTIFIER = com.kpally.IdkTests;
				PRODUCT_NAME = "VivaLnk HealthCheck";
				TEST_HOST = "$(BUILT_PRODUCTS_DIR)/VivaLnk HealthCheck.app/VivaLnk HealthCheck";
			};
			name = Debug;
		};
		0C99A9C81CC5981700F30693 /* Release */ = {
			isa = XCBuildConfiguration;
			buildSettings = {
				BUNDLE_LOADER = "$(TEST_HOST)";
				INFOPLIST_FILE = IdkTests/Info.plist;
				LD_RUNPATH_SEARCH_PATHS = "$(inherited) @executable_path/Frameworks @loader_path/Frameworks";
				PRODUCT_BUNDLE_IDENTIFIER = com.kpally.IdkTests;
				PRODUCT_NAME = "VivaLnk HealthCheck";
				TEST_HOST = "$(BUILT_PRODUCTS_DIR)/VivaLnk HealthCheck.app/VivaLnk HealthCheck";
			};
			name = Release;
		};
		0C99A9CA1CC5981700F30693 /* Debug */ = {
			isa = XCBuildConfiguration;
			buildSettings = {
				INFOPLIST_FILE = IdkUITests/Info.plist;
				LD_RUNPATH_SEARCH_PATHS = "$(inherited) @executable_path/Frameworks @loader_path/Frameworks";
				PRODUCT_BUNDLE_IDENTIFIER = com.kpally.IdkUITests;
				PRODUCT_NAME = "VivaLnk HealthCheck";
				TEST_TARGET_NAME = Idk;
			};
			name = Debug;
		};
		0C99A9CB1CC5981700F30693 /* Release */ = {
			isa = XCBuildConfiguration;
			buildSettings = {
				INFOPLIST_FILE = IdkUITests/Info.plist;
				LD_RUNPATH_SEARCH_PATHS = "$(inherited) @executable_path/Frameworks @loader_path/Frameworks";
				PRODUCT_BUNDLE_IDENTIFIER = com.kpally.IdkUITests;
				PRODUCT_NAME = "VivaLnk HealthCheck";
				TEST_TARGET_NAME = Idk;
			};
			name = Release;
		};
/* End XCBuildConfiguration section */

/* Begin XCConfigurationList section */
		0C99A9961CC5981700F30693 /* Build configuration list for PBXProject "VivaLnk HealthCheck" */ = {
			isa = XCConfigurationList;
			buildConfigurations = (
				0C99A9C11CC5981700F30693 /* Debug */,
				0C99A9C21CC5981700F30693 /* Release */,
			);
			defaultConfigurationIsVisible = 0;
			defaultConfigurationName = Release;
		};
		0C99A9C31CC5981700F30693 /* Build configuration list for PBXNativeTarget "VivaLnk HealthCheck" */ = {
			isa = XCConfigurationList;
			buildConfigurations = (
				0C99A9C41CC5981700F30693 /* Debug */,
				0C99A9C51CC5981700F30693 /* Release */,
			);
			defaultConfigurationIsVisible = 0;
		};
		0C99A9C61CC5981700F30693 /* Build configuration list for PBXNativeTarget "VivaLnk HealthCheckTests" */ = {
			isa = XCConfigurationList;
			buildConfigurations = (
				0C99A9C71CC5981700F30693 /* Debug */,
				0C99A9C81CC5981700F30693 /* Release */,
			);
			defaultConfigurationIsVisible = 0;
		};
		0C99A9C91CC5981700F30693 /* Build configuration list for PBXNativeTarget "VivaLnk HealthCheckUITests" */ = {
			isa = XCConfigurationList;
			buildConfigurations = (
				0C99A9CA1CC5981700F30693 /* Debug */,
				0C99A9CB1CC5981700F30693 /* Release */,
			);
			defaultConfigurationIsVisible = 0;
		};
/* End XCConfigurationList section */
	};
	rootObject = 0C99A9931CC5981700F30693 /* Project object */;
}
