// !$*UTF8*$!
{
	archiveVersion = 1;
	classes = {
	};
	objectVersion = 46;
	objects = {

/* Begin PBXBuildFile section */
		0C99A9651CC584A200F30693 /* AppDelegate.swift in Sources */ = {isa = PBXBuildFile; fileRef = 0C99A9641CC584A200F30693 /* AppDelegate.swift */; };
		0C99A9671CC584A200F30693 /* ViewController.swift in Sources */ = {isa = PBXBuildFile; fileRef = 0C99A9661CC584A200F30693 /* ViewController.swift */; };
		0C99A96A1CC584A200F30693 /* Main.storyboard in Resources */ = {isa = PBXBuildFile; fileRef = 0C99A9681CC584A200F30693 /* Main.storyboard */; };
		0C99A96C1CC584A200F30693 /* Assets.xcassets in Resources */ = {isa = PBXBuildFile; fileRef = 0C99A96B1CC584A200F30693 /* Assets.xcassets */; };
		0C99A96F1CC584A200F30693 /* LaunchScreen.storyboard in Resources */ = {isa = PBXBuildFile; fileRef = 0C99A96D1CC584A200F30693 /* LaunchScreen.storyboard */; };
		0C99A97A1CC584A200F30693 /* HealthCheckTests.swift in Sources */ = {isa = PBXBuildFile; fileRef = 0C99A9791CC584A200F30693 /* HealthCheckTests.swift */; };
		0C99A9851CC584A200F30693 /* HealthCheckUITests.swift in Sources */ = {isa = PBXBuildFile; fileRef = 0C99A9841CC584A200F30693 /* HealthCheckUITests.swift */; };
/* End PBXBuildFile section */

/* Begin PBXContainerItemProxy section */
		0C99A9761CC584A200F30693 /* PBXContainerItemProxy */ = {
			isa = PBXContainerItemProxy;
			containerPortal = 0C99A9591CC584A200F30693 /* Project object */;
			proxyType = 1;
			remoteGlobalIDString = 0C99A9601CC584A200F30693;
			remoteInfo = HealthCheck;
		};
		0C99A9811CC584A200F30693 /* PBXContainerItemProxy */ = {
			isa = PBXContainerItemProxy;
			containerPortal = 0C99A9591CC584A200F30693 /* Project object */;
			proxyType = 1;
			remoteGlobalIDString = 0C99A9601CC584A200F30693;
			remoteInfo = HealthCheck;
		};
/* End PBXContainerItemProxy section */

/* Begin PBXFileReference section */
		0C99A9611CC584A200F30693 /* HealthCheck.app */ = {isa = PBXFileReference; explicitFileType = wrapper.application; includeInIndex = 0; path = HealthCheck.app; sourceTree = BUILT_PRODUCTS_DIR; };
		0C99A9641CC584A200F30693 /* AppDelegate.swift */ = {isa = PBXFileReference; lastKnownFileType = sourcecode.swift; path = AppDelegate.swift; sourceTree = "<group>"; };
		0C99A9661CC584A200F30693 /* ViewController.swift */ = {isa = PBXFileReference; lastKnownFileType = sourcecode.swift; path = ViewController.swift; sourceTree = "<group>"; };
		0C99A9691CC584A200F30693 /* Base */ = {isa = PBXFileReference; lastKnownFileType = file.storyboard; name = Base; path = Base.lproj/Main.storyboard; sourceTree = "<group>"; };
		0C99A96B1CC584A200F30693 /* Assets.xcassets */ = {isa = PBXFileReference; lastKnownFileType = folder.assetcatalog; path = Assets.xcassets; sourceTree = "<group>"; };
		0C99A96E1CC584A200F30693 /* Base */ = {isa = PBXFileReference; lastKnownFileType = file.storyboard; name = Base; path = Base.lproj/LaunchScreen.storyboard; sourceTree = "<group>"; };
		0C99A9701CC584A200F30693 /* Info.plist */ = {isa = PBXFileReference; lastKnownFileType = text.plist.xml; path = Info.plist; sourceTree = "<group>"; };
		0C99A9751CC584A200F30693 /* HealthCheckTests.xctest */ = {isa = PBXFileReference; explicitFileType = wrapper.cfbundle; includeInIndex = 0; path = HealthCheckTests.xctest; sourceTree = BUILT_PRODUCTS_DIR; };
		0C99A9791CC584A200F30693 /* HealthCheckTests.swift */ = {isa = PBXFileReference; lastKnownFileType = sourcecode.swift; path = HealthCheckTests.swift; sourceTree = "<group>"; };
		0C99A97B1CC584A200F30693 /* Info.plist */ = {isa = PBXFileReference; lastKnownFileType = text.plist.xml; path = Info.plist; sourceTree = "<group>"; };
		0C99A9801CC584A200F30693 /* HealthCheckUITests.xctest */ = {isa = PBXFileReference; explicitFileType = wrapper.cfbundle; includeInIndex = 0; path = HealthCheckUITests.xctest; sourceTree = BUILT_PRODUCTS_DIR; };
		0C99A9841CC584A200F30693 /* HealthCheckUITests.swift */ = {isa = PBXFileReference; lastKnownFileType = sourcecode.swift; path = HealthCheckUITests.swift; sourceTree = "<group>"; };
		0C99A9861CC584A200F30693 /* Info.plist */ = {isa = PBXFileReference; lastKnownFileType = text.plist.xml; path = Info.plist; sourceTree = "<group>"; };
/* End PBXFileReference section */

/* Begin PBXFrameworksBuildPhase section */
		0C99A95E1CC584A200F30693 /* Frameworks */ = {
			isa = PBXFrameworksBuildPhase;
			buildActionMask = 2147483647;
			files = (
			);
			runOnlyForDeploymentPostprocessing = 0;
		};
		0C99A9721CC584A200F30693 /* Frameworks */ = {
			isa = PBXFrameworksBuildPhase;
			buildActionMask = 2147483647;
			files = (
			);
			runOnlyForDeploymentPostprocessing = 0;
		};
		0C99A97D1CC584A200F30693 /* Frameworks */ = {
			isa = PBXFrameworksBuildPhase;
			buildActionMask = 2147483647;
			files = (
			);
			runOnlyForDeploymentPostprocessing = 0;
		};
/* End PBXFrameworksBuildPhase section */

/* Begin PBXGroup section */
		0C99A9581CC584A200F30693 = {
			isa = PBXGroup;
			children = (
				0C99A9631CC584A200F30693 /* HealthCheck */,
				0C99A9781CC584A200F30693 /* HealthCheckTests */,
				0C99A9831CC584A200F30693 /* HealthCheckUITests */,
				0C99A9621CC584A200F30693 /* Products */,
			);
			sourceTree = "<group>";
		};
		0C99A9621CC584A200F30693 /* Products */ = {
			isa = PBXGroup;
			children = (
				0C99A9611CC584A200F30693 /* HealthCheck.app */,
				0C99A9751CC584A200F30693 /* HealthCheckTests.xctest */,
				0C99A9801CC584A200F30693 /* HealthCheckUITests.xctest */,
			);
			name = Products;
			sourceTree = "<group>";
		};
		0C99A9631CC584A200F30693 /* HealthCheck */ = {
			isa = PBXGroup;
			children = (
				0C99A9641CC584A200F30693 /* AppDelegate.swift */,
				0C99A9661CC584A200F30693 /* ViewController.swift */,
				0C99A9681CC584A200F30693 /* Main.storyboard */,
				0C99A96B1CC584A200F30693 /* Assets.xcassets */,
				0C99A96D1CC584A200F30693 /* LaunchScreen.storyboard */,
				0C99A9701CC584A200F30693 /* Info.plist */,
			);
			path = HealthCheck;
			sourceTree = "<group>";
		};
		0C99A9781CC584A200F30693 /* HealthCheckTests */ = {
			isa = PBXGroup;
			children = (
				0C99A9791CC584A200F30693 /* HealthCheckTests.swift */,
				0C99A97B1CC584A200F30693 /* Info.plist */,
			);
			path = HealthCheckTests;
			sourceTree = "<group>";
		};
		0C99A9831CC584A200F30693 /* HealthCheckUITests */ = {
			isa = PBXGroup;
			children = (
				0C99A9841CC584A200F30693 /* HealthCheckUITests.swift */,
				0C99A9861CC584A200F30693 /* Info.plist */,
			);
			path = HealthCheckUITests;
			sourceTree = "<group>";
		};
/* End PBXGroup section */

/* Begin PBXNativeTarget section */
		0C99A9601CC584A200F30693 /* HealthCheck */ = {
			isa = PBXNativeTarget;
			buildConfigurationList = 0C99A9891CC584A200F30693 /* Build configuration list for PBXNativeTarget "HealthCheck" */;
			buildPhases = (
				0C99A95D1CC584A200F30693 /* Sources */,
				0C99A95E1CC584A200F30693 /* Frameworks */,
				0C99A95F1CC584A200F30693 /* Resources */,
			);
			buildRules = (
			);
			dependencies = (
			);
			name = HealthCheck;
			productName = HealthCheck;
			productReference = 0C99A9611CC584A200F30693 /* HealthCheck.app */;
			productType = "com.apple.product-type.application";
		};
		0C99A9741CC584A200F30693 /* HealthCheckTests */ = {
			isa = PBXNativeTarget;
			buildConfigurationList = 0C99A98C1CC584A200F30693 /* Build configuration list for PBXNativeTarget "HealthCheckTests" */;
			buildPhases = (
				0C99A9711CC584A200F30693 /* Sources */,
				0C99A9721CC584A200F30693 /* Frameworks */,
				0C99A9731CC584A200F30693 /* Resources */,
			);
			buildRules = (
			);
			dependencies = (
				0C99A9771CC584A200F30693 /* PBXTargetDependency */,
			);
			name = HealthCheckTests;
			productName = HealthCheckTests;
			productReference = 0C99A9751CC584A200F30693 /* HealthCheckTests.xctest */;
			productType = "com.apple.product-type.bundle.unit-test";
		};
		0C99A97F1CC584A200F30693 /* HealthCheckUITests */ = {
			isa = PBXNativeTarget;
			buildConfigurationList = 0C99A98F1CC584A200F30693 /* Build configuration list for PBXNativeTarget "HealthCheckUITests" */;
			buildPhases = (
				0C99A97C1CC584A200F30693 /* Sources */,
				0C99A97D1CC584A200F30693 /* Frameworks */,
				0C99A97E1CC584A200F30693 /* Resources */,
			);
			buildRules = (
			);
			dependencies = (
				0C99A9821CC584A200F30693 /* PBXTargetDependency */,
			);
			name = HealthCheckUITests;
			productName = HealthCheckUITests;
			productReference = 0C99A9801CC584A200F30693 /* HealthCheckUITests.xctest */;
			productType = "com.apple.product-type.bundle.ui-testing";
		};
/* End PBXNativeTarget section */

/* Begin PBXProject section */
		0C99A9591CC584A200F30693 /* Project object */ = {
			isa = PBXProject;
			attributes = {
				LastSwiftUpdateCheck = 0730;
				LastUpgradeCheck = 0730;
				ORGANIZATIONNAME = "Kunal Palwankar";
				TargetAttributes = {
					0C99A9601CC584A200F30693 = {
						CreatedOnToolsVersion = 7.3;
						DevelopmentTeam = 6WE8E54Y2N;
					};
					0C99A9741CC584A200F30693 = {
						CreatedOnToolsVersion = 7.3;
						TestTargetID = 0C99A9601CC584A200F30693;
					};
					0C99A97F1CC584A200F30693 = {
						CreatedOnToolsVersion = 7.3;
						TestTargetID = 0C99A9601CC584A200F30693;
					};
				};
			};
			buildConfigurationList = 0C99A95C1CC584A200F30693 /* Build configuration list for PBXProject "HealthCheck" */;
			compatibilityVersion = "Xcode 3.2";
			developmentRegion = English;
			hasScannedForEncodings = 0;
			knownRegions = (
				en,
				Base,
			);
			mainGroup = 0C99A9581CC584A200F30693;
			productRefGroup = 0C99A9621CC584A200F30693 /* Products */;
			projectDirPath = "";
			projectRoot = "";
			targets = (
				0C99A9601CC584A200F30693 /* HealthCheck */,
				0C99A9741CC584A200F30693 /* HealthCheckTests */,
				0C99A97F1CC584A200F30693 /* HealthCheckUITests */,
			);
		};
/* End PBXProject section */

/* Begin PBXResourcesBuildPhase section */
		0C99A95F1CC584A200F30693 /* Resources */ = {
			isa = PBXResourcesBuildPhase;
			buildActionMask = 2147483647;
			files = (
				0C99A96F1CC584A200F30693 /* LaunchScreen.storyboard in Resources */,
				0C99A96C1CC584A200F30693 /* Assets.xcassets in Resources */,
				0C99A96A1CC584A200F30693 /* Main.storyboard in Resources */,
			);
			runOnlyForDeploymentPostprocessing = 0;
		};
		0C99A9731CC584A200F30693 /* Resources */ = {
			isa = PBXResourcesBuildPhase;
			buildActionMask = 2147483647;
			files = (
			);
			runOnlyForDeploymentPostprocessing = 0;
		};
		0C99A97E1CC584A200F30693 /* Resources */ = {
			isa = PBXResourcesBuildPhase;
			buildActionMask = 2147483647;
			files = (
			);
			runOnlyForDeploymentPostprocessing = 0;
		};
/* End PBXResourcesBuildPhase section */

/* Begin PBXSourcesBuildPhase section */
		0C99A95D1CC584A200F30693 /* Sources */ = {
			isa = PBXSourcesBuildPhase;
			buildActionMask = 2147483647;
			files = (
				0C99A9671CC584A200F30693 /* ViewController.swift in Sources */,
				0C99A9651CC584A200F30693 /* AppDelegate.swift in Sources */,
			);
			runOnlyForDeploymentPostprocessing = 0;
		};
		0C99A9711CC584A200F30693 /* Sources */ = {
			isa = PBXSourcesBuildPhase;
			buildActionMask = 2147483647;
			files = (
				0C99A97A1CC584A200F30693 /* HealthCheckTests.swift in Sources */,
			);
			runOnlyForDeploymentPostprocessing = 0;
		};
		0C99A97C1CC584A200F30693 /* Sources */ = {
			isa = PBXSourcesBuildPhase;
			buildActionMask = 2147483647;
			files = (
				0C99A9851CC584A200F30693 /* HealthCheckUITests.swift in Sources */,
			);
			runOnlyForDeploymentPostprocessing = 0;
		};
/* End PBXSourcesBuildPhase section */

/* Begin PBXTargetDependency section */
		0C99A9771CC584A200F30693 /* PBXTargetDependency */ = {
			isa = PBXTargetDependency;
			target = 0C99A9601CC584A200F30693 /* HealthCheck */;
			targetProxy = 0C99A9761CC584A200F30693 /* PBXContainerItemProxy */;
		};
		0C99A9821CC584A200F30693 /* PBXTargetDependency */ = {
			isa = PBXTargetDependency;
			target = 0C99A9601CC584A200F30693 /* HealthCheck */;
			targetProxy = 0C99A9811CC584A200F30693 /* PBXContainerItemProxy */;
		};
/* End PBXTargetDependency section */

/* Begin PBXVariantGroup section */
		0C99A9681CC584A200F30693 /* Main.storyboard */ = {
			isa = PBXVariantGroup;
			children = (
				0C99A9691CC584A200F30693 /* Base */,
			);
			name = Main.storyboard;
			sourceTree = "<group>";
		};
		0C99A96D1CC584A200F30693 /* LaunchScreen.storyboard */ = {
			isa = PBXVariantGroup;
			children = (
				0C99A96E1CC584A200F30693 /* Base */,
			);
			name = LaunchScreen.storyboard;
			sourceTree = "<group>";
		};
/* End PBXVariantGroup section */

/* Begin XCBuildConfiguration section */
		0C99A9871CC584A200F30693 /* Debug */ = {
			isa = XCBuildConfiguration;
			buildSettings = {
				ALWAYS_SEARCH_USER_PATHS = NO;
				CLANG_ANALYZER_NONNULL = YES;
				CLANG_CXX_LANGUAGE_STANDARD = "gnu++0x";
				CLANG_CXX_LIBRARY = "libc++";
				CLANG_ENABLE_MODULES = YES;
				CLANG_ENABLE_OBJC_ARC = YES;
				CLANG_WARN_BOOL_CONVERSION = YES;
				CLANG_WARN_CONSTANT_CONVERSION = YES;
				CLANG_WARN_DIRECT_OBJC_ISA_USAGE = YES_ERROR;
				CLANG_WARN_EMPTY_BODY = YES;
				CLANG_WARN_ENUM_CONVERSION = YES;
				CLANG_WARN_INT_CONVERSION = YES;
				CLANG_WARN_OBJC_ROOT_CLASS = YES_ERROR;
				CLANG_WARN_UNREACHABLE_CODE = YES;
				CLANG_WARN__DUPLICATE_METHOD_MATCH = YES;
				"CODE_SIGN_IDENTITY[sdk=iphoneos*]" = "iPhone Developer";
				COPY_PHASE_STRIP = NO;
				DEBUG_INFORMATION_FORMAT = dwarf;
				ENABLE_STRICT_OBJC_MSGSEND = YES;
				ENABLE_TESTABILITY = YES;
				GCC_C_LANGUAGE_STANDARD = gnu99;
				GCC_DYNAMIC_NO_PIC = NO;
				GCC_NO_COMMON_BLOCKS = YES;
				GCC_OPTIMIZATION_LEVEL = 0;
				GCC_PREPROCESSOR_DEFINITIONS = (
					"DEBUG=1",
					"$(inherited)",
				);
				GCC_WARN_64_TO_32_BIT_CONVERSION = YES;
				GCC_WARN_ABOUT_RETURN_TYPE = YES_ERROR;
				GCC_WARN_UNDECLARED_SELECTOR = YES;
				GCC_WARN_UNINITIALIZED_AUTOS = YES_AGGRESSIVE;
				GCC_WARN_UNUSED_FUNCTION = YES;
				GCC_WARN_UNUSED_VARIABLE = YES;
				IPHONEOS_DEPLOYMENT_TARGET = 9.3;
				MTL_ENABLE_DEBUG_INFO = YES;
				ONLY_ACTIVE_ARCH = YES;
				SDKROOT = iphoneos;
				SWIFT_OPTIMIZATION_LEVEL = "-Onone";
				TARGETED_DEVICE_FAMILY = "1,2";
			};
			name = Debug;
		};
		0C99A9881CC584A200F30693 /* Release */ = {
			isa = XCBuildConfiguration;
			buildSettings = {
				ALWAYS_SEARCH_USER_PATHS = NO;
				CLANG_ANALYZER_NONNULL = YES;
				CLANG_CXX_LANGUAGE_STANDARD = "gnu++0x";
				CLANG_CXX_LIBRARY = "libc++";
				CLANG_ENABLE_MODULES = YES;
				CLANG_ENABLE_OBJC_ARC = YES;
				CLANG_WARN_BOOL_CONVERSION = YES;
				CLANG_WARN_CONSTANT_CONVERSION = YES;
				CLANG_WARN_DIRECT_OBJC_ISA_USAGE = YES_ERROR;
				CLANG_WARN_EMPTY_BODY = YES;
				CLANG_WARN_ENUM_CONVERSION = YES;
				CLANG_WARN_INT_CONVERSION = YES;
				CLANG_WARN_OBJC_ROOT_CLASS = YES_ERROR;
				CLANG_WARN_UNREACHABLE_CODE = YES;
				CLANG_WARN__DUPLICATE_METHOD_MATCH = YES;
				"CODE_SIGN_IDENTITY[sdk=iphoneos*]" = "iPhone Developer";
				COPY_PHASE_STRIP = NO;
				DEBUG_INFORMATION_FORMAT = "dwarf-with-dsym";
				ENABLE_NS_ASSERTIONS = NO;
				ENABLE_STRICT_OBJC_MSGSEND = YES;
				GCC_C_LANGUAGE_STANDARD = gnu99;
				GCC_NO_COMMON_BLOCKS = YES;
				GCC_WARN_64_TO_32_BIT_CONVERSION = YES;
				GCC_WARN_ABOUT_RETURN_TYPE = YES_ERROR;
				GCC_WARN_UNDECLARED_SELECTOR = YES;
				GCC_WARN_UNINITIALIZED_AUTOS = YES_AGGRESSIVE;
				GCC_WARN_UNUSED_FUNCTION = YES;
				GCC_WARN_UNUSED_VARIABLE = YES;
				IPHONEOS_DEPLOYMENT_TARGET = 9.3;
				MTL_ENABLE_DEBUG_INFO = NO;
				SDKROOT = iphoneos;
				TARGETED_DEVICE_FAMILY = "1,2";
				VALIDATE_PRODUCT = YES;
			};
			name = Release;
		};
		0C99A98A1CC584A200F30693 /* Debug */ = {
			isa = XCBuildConfiguration;
			buildSettings = {
				ASSETCATALOG_COMPILER_APPICON_NAME = AppIcon;
				CODE_SIGN_IDENTITY = "iPhone Developer";
				INFOPLIST_FILE = HealthCheck/Info.plist;
				LD_RUNPATH_SEARCH_PATHS = "$(inherited) @executable_path/Frameworks";
				PRODUCT_BUNDLE_IDENTIFIER = com.kpally.HealthCheck;
				PRODUCT_NAME = "$(TARGET_NAME)";
			};
			name = Debug;
		};
		0C99A98B1CC584A200F30693 /* Release */ = {
			isa = XCBuildConfiguration;
			buildSettings = {
				ASSETCATALOG_COMPILER_APPICON_NAME = AppIcon;
				CODE_SIGN_IDENTITY = "iPhone Developer";
				INFOPLIST_FILE = HealthCheck/Info.plist;
				LD_RUNPATH_SEARCH_PATHS = "$(inherited) @executable_path/Frameworks";
				PRODUCT_BUNDLE_IDENTIFIER = com.kpally.HealthCheck;
				PRODUCT_NAME = "$(TARGET_NAME)";
			};
			name = Release;
		};
		0C99A98D1CC584A200F30693 /* Debug */ = {
			isa = XCBuildConfiguration;
			buildSettings = {
				BUNDLE_LOADER = "$(TEST_HOST)";
				INFOPLIST_FILE = HealthCheckTests/Info.plist;
				LD_RUNPATH_SEARCH_PATHS = "$(inherited) @executable_path/Frameworks @loader_path/Frameworks";
				PRODUCT_BUNDLE_IDENTIFIER = com.kpally.HealthCheckTests;
				PRODUCT_NAME = "$(TARGET_NAME)";
				TEST_HOST = "$(BUILT_PRODUCTS_DIR)/HealthCheck.app/HealthCheck";
			};
			name = Debug;
		};
		0C99A98E1CC584A200F30693 /* Release */ = {
			isa = XCBuildConfiguration;
			buildSettings = {
				BUNDLE_LOADER = "$(TEST_HOST)";
				INFOPLIST_FILE = HealthCheckTests/Info.plist;
				LD_RUNPATH_SEARCH_PATHS = "$(inherited) @executable_path/Frameworks @loader_path/Frameworks";
				PRODUCT_BUNDLE_IDENTIFIER = com.kpally.HealthCheckTests;
				PRODUCT_NAME = "$(TARGET_NAME)";
				TEST_HOST = "$(BUILT_PRODUCTS_DIR)/HealthCheck.app/HealthCheck";
			};
			name = Release;
		};
		0C99A9901CC584A200F30693 /* Debug */ = {
			isa = XCBuildConfiguration;
			buildSettings = {
				INFOPLIST_FILE = HealthCheckUITests/Info.plist;
				LD_RUNPATH_SEARCH_PATHS = "$(inherited) @executable_path/Frameworks @loader_path/Frameworks";
				PRODUCT_BUNDLE_IDENTIFIER = com.kpally.HealthCheckUITests;
				PRODUCT_NAME = "$(TARGET_NAME)";
				TEST_TARGET_NAME = HealthCheck;
			};
			name = Debug;
		};
		0C99A9911CC584A200F30693 /* Release */ = {
			isa = XCBuildConfiguration;
			buildSettings = {
				INFOPLIST_FILE = HealthCheckUITests/Info.plist;
				LD_RUNPATH_SEARCH_PATHS = "$(inherited) @executable_path/Frameworks @loader_path/Frameworks";
				PRODUCT_BUNDLE_IDENTIFIER = com.kpally.HealthCheckUITests;
				PRODUCT_NAME = "$(TARGET_NAME)";
				TEST_TARGET_NAME = HealthCheck;
			};
			name = Release;
		};
/* End XCBuildConfiguration section */

/* Begin XCConfigurationList section */
		0C99A95C1CC584A200F30693 /* Build configuration list for PBXProject "HealthCheck" */ = {
			isa = XCConfigurationList;
			buildConfigurations = (
				0C99A9871CC584A200F30693 /* Debug */,
				0C99A9881CC584A200F30693 /* Release */,
			);
			defaultConfigurationIsVisible = 0;
			defaultConfigurationName = Release;
		};
		0C99A9891CC584A200F30693 /* Build configuration list for PBXNativeTarget "HealthCheck" */ = {
			isa = XCConfigurationList;
			buildConfigurations = (
				0C99A98A1CC584A200F30693 /* Debug */,
				0C99A98B1CC584A200F30693 /* Release */,
			);
			defaultConfigurationIsVisible = 0;
		};
		0C99A98C1CC584A200F30693 /* Build configuration list for PBXNativeTarget "HealthCheckTests" */ = {
			isa = XCConfigurationList;
			buildConfigurations = (
				0C99A98D1CC584A200F30693 /* Debug */,
				0C99A98E1CC584A200F30693 /* Release */,
			);
			defaultConfigurationIsVisible = 0;
		};
		0C99A98F1CC584A200F30693 /* Build configuration list for PBXNativeTarget "HealthCheckUITests" */ = {
			isa = XCConfigurationList;
			buildConfigurations = (
				0C99A9901CC584A200F30693 /* Debug */,
				0C99A9911CC584A200F30693 /* Release */,
			);
			defaultConfigurationIsVisible = 0;
		};
/* End XCConfigurationList section */
	};
	rootObject = 0C99A9591CC584A200F30693 /* Project object */;
}
